
Microsoft Visual Studio Solution File, Format Version 12.00
# Visual Studio Version 17
VisualStudioVersion = 17.12.35527.113 d17.12
MinimumVisualStudioVersion = 10.0.40219.1
Project("{FAE04EC0-301F-11D3-BF4B-00C04F79EFBC}") = "BlogPlatform.API", "BlogPlatform.API\BlogPlatform.API.csproj", "{B66371BB-34F4-488F-8B68-5B0D34EF4382}"
EndProject
Project("{FAE04EC0-301F-11D3-BF4B-00C04F79EFBC}") = "BlogPlatform.UI.Server", "BlogPlatform.UI\BlogPlatform.UI.Server\BlogPlatform.UI.Server.csproj", "{8DBE7053-2CAB-4F77-8AD7-B4ED3E74A6E0}"
EndProject
Project("{54A90642-561A-4BB1-A94E-469ADEE60C69}") = "blogplatform.ui.client", "BlogPlatform.UI\blogplatform.ui.client\blogplatform.ui.client.esproj", "{0F601135-B569-46EA-BDB1-7F8ADBAD7C18}"
EndProject
Project("{FAE04EC0-301F-11D3-BF4B-00C04F79EFBC}") = "BlogPlatform.Core", "BlogPlatform.Core\BlogPlatform.Core.csproj", "{879F4859-27C9-4A89-86DE-534BF046678E}"
EndProject
Project("{FAE04EC0-301F-11D3-BF4B-00C04F79EFBC}") = "BlogPlatform.Infrastructure", "BlogPlatform.Infrastructure\BlogPlatform.Infrastructure.csproj", "{65F4D96B-0A64-4524-9B7E-F79886950F0E}"
EndProject
Global
	GlobalSection(SolutionConfigurationPlatforms) = preSolution
		Debug|Any CPU = Debug|Any CPU
		Release|Any CPU = Release|Any CPU
	EndGlobalSection
	GlobalSection(ProjectConfigurationPlatforms) = postSolution
		{B66371BB-34F4-488F-8B68-5B0D34EF4382}.Debug|Any CPU.ActiveCfg = Debug|Any CPU
		{B66371BB-34F4-488F-8B68-5B0D34EF4382}.Debug|Any CPU.Build.0 = Debug|Any CPU
		{B66371BB-34F4-488F-8B68-5B0D34EF4382}.Release|Any CPU.ActiveCfg = Release|Any CPU
		{B66371BB-34F4-488F-8B68-5B0D34EF4382}.Release|Any CPU.Build.0 = Release|Any CPU
		{8DBE7053-2CAB-4F77-8AD7-B4ED3E74A6E0}.Debug|Any CPU.ActiveCfg = Debug|Any CPU
		{8DBE7053-2CAB-4F77-8AD7-B4ED3E74A6E0}.Debug|Any CPU.Build.0 = Debug|Any CPU
		{8DBE7053-2CAB-4F77-8AD7-B4ED3E74A6E0}.Release|Any CPU.ActiveCfg = Release|Any CPU
		{8DBE7053-2CAB-4F77-8AD7-B4ED3E74A6E0}.Release|Any CPU.Build.0 = Release|Any CPU
		{0F601135-B569-46EA-BDB1-7F8ADBAD7C18}.Debug|Any CPU.ActiveCfg = Debug|Any CPU
		{0F601135-B569-46EA-BDB1-7F8ADBAD7C18}.Debug|Any CPU.Build.0 = Debug|Any CPU
		{0F601135-B569-46EA-BDB1-7F8ADBAD7C18}.Debug|Any CPU.Deploy.0 = Debug|Any CPU
		{0F601135-B569-46EA-BDB1-7F8ADBAD7C18}.Release|Any CPU.ActiveCfg = Release|Any CPU
		{0F601135-B569-46EA-BDB1-7F8ADBAD7C18}.Release|Any CPU.Build.0 = Release|Any CPU
		{0F601135-B569-46EA-BDB1-7F8ADBAD7C18}.Release|Any CPU.Deploy.0 = Release|Any CPU
		{879F4859-27C9-4A89-86DE-534BF046678E}.Debug|Any CPU.ActiveCfg = Debug|Any CPU
		{879F4859-27C9-4A89-86DE-534BF046678E}.Debug|Any CPU.Build.0 = Debug|Any CPU
		{879F4859-27C9-4A89-86DE-534BF046678E}.Release|Any CPU.ActiveCfg = Release|Any CPU
		{879F4859-27C9-4A89-86DE-534BF046678E}.Release|Any CPU.Build.0 = Release|Any CPU
		{65F4D96B-0A64-4524-9B7E-F79886950F0E}.Debug|Any CPU.ActiveCfg = Debug|Any CPU
		{65F4D96B-0A64-4524-9B7E-F79886950F0E}.Debug|Any CPU.Build.0 = Debug|Any CPU
		{65F4D96B-0A64-4524-9B7E-F79886950F0E}.Release|Any CPU.ActiveCfg = Release|Any CPU
		{65F4D96B-0A64-4524-9B7E-F79886950F0E}.Release|Any CPU.Build.0 = Release|Any CPU
	EndGlobalSection
	GlobalSection(SolutionProperties) = preSolution
		HideSolutionNode = FALSE
	EndGlobalSection
EndGlobal
